
Microsoft Visual Studio Solution File, Format Version 12.00
# Visual Studio Version 17
VisualStudioVersion = 17.8.34330.188
MinimumVisualStudioVersion = 10.0.40219.1
Project("{FAE04EC0-301F-11D3-BF4B-00C04F79EFBC}") = "Bit_Array", "Bit_Array\Bit_Array.csproj", "{CD502C3C-FEFD-478D-978E-6CBDF59BF66E}"
EndProject
Global
	GlobalSection(SolutionConfigurationPlatforms) = preSolution
		Debug|Any CPU = Debug|Any CPU
		Release|Any CPU = Release|Any CPU
	EndGlobalSection
	GlobalSection(ProjectConfigurationPlatforms) = postSolution
		{CD502C3C-FEFD-478D-978E-6CBDF59BF66E}.Debug|Any CPU.ActiveCfg = Debug|Any CPU
		{CD502C3C-FEFD-478D-978E-6CBDF59BF66E}.Debug|Any CPU.Build.0 = Debug|Any CPU
		{CD502C3C-FEFD-478D-978E-6CBDF59BF66E}.Release|Any CPU.ActiveCfg = Release|Any CPU
		{CD502C3C-FEFD-478D-978E-6CBDF59BF66E}.Release|Any CPU.Build.0 = Release|Any CPU
	EndGlobalSection
	GlobalSection(SolutionProperties) = preSolution
		HideSolutionNode = FALSE
	EndGlobalSection
	GlobalSection(ExtensibilityGlobals) = postSolution
		SolutionGuid = {75C316D4-6982-4EA3-9E37-E5AD4B7995F3}
	EndGlobalSection
EndGlobal
