
Microsoft Visual Studio Solution File, Format Version 12.00
# Visual Studio Version 17
VisualStudioVersion = 17.8.34330.188
MinimumVisualStudioVersion = 10.0.40219.1
Project("{FAE04EC0-301F-11D3-BF4B-00C04F79EFBC}") = "Tuple_", "Tuple_\Tuple_.csproj", "{37EF1922-3B66-42B0-B683-36EA1A447FEE}"
EndProject
Global
	GlobalSection(SolutionConfigurationPlatforms) = preSolution
		Debug|Any CPU = Debug|Any CPU
		Release|Any CPU = Release|Any CPU
	EndGlobalSection
	GlobalSection(ProjectConfigurationPlatforms) = postSolution
		{37EF1922-3B66-42B0-B683-36EA1A447FEE}.Debug|Any CPU.ActiveCfg = Debug|Any CPU
		{37EF1922-3B66-42B0-B683-36EA1A447FEE}.Debug|Any CPU.Build.0 = Debug|Any CPU
		{37EF1922-3B66-42B0-B683-36EA1A447FEE}.Release|Any CPU.ActiveCfg = Release|Any CPU
		{37EF1922-3B66-42B0-B683-36EA1A447FEE}.Release|Any CPU.Build.0 = Release|Any CPU
	EndGlobalSection
	GlobalSection(SolutionProperties) = preSolution
		HideSolutionNode = FALSE
	EndGlobalSection
	GlobalSection(ExtensibilityGlobals) = postSolution
		SolutionGuid = {D0D0ACB2-1B8A-4F5F-AA06-3B7A22A45DCB}
	EndGlobalSection
EndGlobal
