
Microsoft Visual Studio Solution File, Format Version 12.00
# Visual Studio Version 17
VisualStudioVersion = 17.8.34330.188
MinimumVisualStudioVersion = 10.0.40219.1
Project("{FAE04EC0-301F-11D3-BF4B-00C04F79EFBC}") = "Sorted_List", "Sorted_List\Sorted_List.csproj", "{AA67B775-D87C-4F18-A6B5-B61AB4BF3FBB}"
EndProject
Global
	GlobalSection(SolutionConfigurationPlatforms) = preSolution
		Debug|Any CPU = Debug|Any CPU
		Release|Any CPU = Release|Any CPU
	EndGlobalSection
	GlobalSection(ProjectConfigurationPlatforms) = postSolution
		{AA67B775-D87C-4F18-A6B5-B61AB4BF3FBB}.Debug|Any CPU.ActiveCfg = Debug|Any CPU
		{AA67B775-D87C-4F18-A6B5-B61AB4BF3FBB}.Debug|Any CPU.Build.0 = Debug|Any CPU
		{AA67B775-D87C-4F18-A6B5-B61AB4BF3FBB}.Release|Any CPU.ActiveCfg = Release|Any CPU
		{AA67B775-D87C-4F18-A6B5-B61AB4BF3FBB}.Release|Any CPU.Build.0 = Release|Any CPU
	EndGlobalSection
	GlobalSection(SolutionProperties) = preSolution
		HideSolutionNode = FALSE
	EndGlobalSection
	GlobalSection(ExtensibilityGlobals) = postSolution
		SolutionGuid = {C7A38FAB-53C7-4024-A109-F780EE9D030A}
	EndGlobalSection
EndGlobal
