
Microsoft Visual Studio Solution File, Format Version 12.00
# Visual Studio Version 17
VisualStudioVersion = 17.8.34330.188
MinimumVisualStudioVersion = 10.0.40219.1
Project("{FAE04EC0-301F-11D3-BF4B-00C04F79EFBC}") = "leet_code4", "leet_code4\leet_code4.csproj", "{4255424A-7444-42A9-954B-CC630045505B}"
EndProject
Global
	GlobalSection(SolutionConfigurationPlatforms) = preSolution
		Debug|Any CPU = Debug|Any CPU
		Release|Any CPU = Release|Any CPU
	EndGlobalSection
	GlobalSection(ProjectConfigurationPlatforms) = postSolution
		{4255424A-7444-42A9-954B-CC630045505B}.Debug|Any CPU.ActiveCfg = Debug|Any CPU
		{4255424A-7444-42A9-954B-CC630045505B}.Debug|Any CPU.Build.0 = Debug|Any CPU
		{4255424A-7444-42A9-954B-CC630045505B}.Release|Any CPU.ActiveCfg = Release|Any CPU
		{4255424A-7444-42A9-954B-CC630045505B}.Release|Any CPU.Build.0 = Release|Any CPU
	EndGlobalSection
	GlobalSection(SolutionProperties) = preSolution
		HideSolutionNode = FALSE
	EndGlobalSection
	GlobalSection(ExtensibilityGlobals) = postSolution
		SolutionGuid = {45A24189-51F0-44CF-B004-B2EA936AA257}
	EndGlobalSection
EndGlobal
